
Microsoft Visual Studio Solution File, Format Version 12.00
# Visual Studio Version 17
VisualStudioVersion = 17.10.34928.147
MinimumVisualStudioVersion = 10.0.40219.1
Project("{FAE04EC0-301F-11D3-BF4B-00C04F79EFBC}") = "GameServer", "GameServer\GameServer.csproj", "{99071157-C3D9-46A5-B9E8-1302D3665FBC}"
EndProject
Global
	GlobalSection(SolutionConfigurationPlatforms) = preSolution
		Debug|Any CPU = Debug|Any CPU
		Release|Any CPU = Release|Any CPU
	EndGlobalSection
	GlobalSection(ProjectConfigurationPlatforms) = postSolution
		{99071157-C3D9-46A5-B9E8-1302D3665FBC}.Debug|Any CPU.ActiveCfg = Debug|Any CPU
		{99071157-C3D9-46A5-B9E8-1302D3665FBC}.Debug|Any CPU.Build.0 = Debug|Any CPU
		{99071157-C3D9-46A5-B9E8-1302D3665FBC}.Release|Any CPU.ActiveCfg = Release|Any CPU
		{99071157-C3D9-46A5-B9E8-1302D3665FBC}.Release|Any CPU.Build.0 = Release|Any CPU
	EndGlobalSection
	GlobalSection(SolutionProperties) = preSolution
		HideSolutionNode = FALSE
	EndGlobalSection
	GlobalSection(ExtensibilityGlobals) = postSolution
		SolutionGuid = {866FBB93-D09B-4890-96B2-65CF5CC6B73C}
	EndGlobalSection
EndGlobal
